// !$*UTF8*$!
{
	archiveVersion = 1;
	classes = {
	};
	objectVersion = 46;
	objects = {

/* Begin PBXBuildFile section */
		52491BB21F34513800AFB724 /* AppDelegate.swift in Sources */ = {isa = PBXBuildFile; fileRef = 52491BB11F34513800AFB724 /* AppDelegate.swift */; };
		52491BB41F34513800AFB724 /* ViewController.swift in Sources */ = {isa = PBXBuildFile; fileRef = 52491BB31F34513800AFB724 /* ViewController.swift */; };
		52491BB71F34513800AFB724 /* Main.storyboard in Resources */ = {isa = PBXBuildFile; fileRef = 52491BB51F34513800AFB724 /* Main.storyboard */; };
		52491BBA1F34513800AFB724 /* hamrahkishTest.xcdatamodeld in Sources */ = {isa = PBXBuildFile; fileRef = 52491BB81F34513800AFB724 /* hamrahkishTest.xcdatamodeld */; };
		52491BBC1F34513800AFB724 /* Assets.xcassets in Resources */ = {isa = PBXBuildFile; fileRef = 52491BBB1F34513800AFB724 /* Assets.xcassets */; };
		52491BBF1F34513800AFB724 /* LaunchScreen.storyboard in Resources */ = {isa = PBXBuildFile; fileRef = 52491BBD1F34513800AFB724 /* LaunchScreen.storyboard */; };
/* End PBXBuildFile section */

/* Begin PBXFileReference section */
		52491BAE1F34513800AFB724 /* hamrahkishTest.app */ = {isa = PBXFileReference; explicitFileType = wrapper.application; includeInIndex = 0; path = hamrahkishTest.app; sourceTree = BUILT_PRODUCTS_DIR; };
		52491BB11F34513800AFB724 /* AppDelegate.swift */ = {isa = PBXFileReference; lastKnownFileType = sourcecode.swift; path = AppDelegate.swift; sourceTree = "<group>"; };
		52491BB31F34513800AFB724 /* ViewController.swift */ = {isa = PBXFileReference; lastKnownFileType = sourcecode.swift; path = ViewController.swift; sourceTree = "<group>"; };
		52491BB61F34513800AFB724 /* Base */ = {isa = PBXFileReference; lastKnownFileType = file.storyboard; name = Base; path = Base.lproj/Main.storyboard; sourceTree = "<group>"; };
		52491BB91F34513800AFB724 /* hamrahkishTest.xcdatamodel */ = {isa = PBXFileReference; lastKnownFileType = wrapper.xcdatamodel; path = hamrahkishTest.xcdatamodel; sourceTree = "<group>"; };
		52491BBB1F34513800AFB724 /* Assets.xcassets */ = {isa = PBXFileReference; lastKnownFileType = folder.assetcatalog; path = Assets.xcassets; sourceTree = "<group>"; };
		52491BBE1F34513800AFB724 /* Base */ = {isa = PBXFileReference; lastKnownFileType = file.storyboard; name = Base; path = Base.lproj/LaunchScreen.storyboard; sourceTree = "<group>"; };
		52491BC01F34513800AFB724 /* Info.plist */ = {isa = PBXFileReference; lastKnownFileType = text.plist.xml; path = Info.plist; sourceTree = "<group>"; };
/* End PBXFileReference section */

/* Begin PBXFrameworksBuildPhase section */
		52491BAB1F34513800AFB724 /* Frameworks */ = {
			isa = PBXFrameworksBuildPhase;
			buildActionMask = 2147483647;
			files = (
			);
			runOnlyForDeploymentPostprocessing = 0;
		};
/* End PBXFrameworksBuildPhase section */

/* Begin PBXGroup section */
		52491BA51F34513800AFB724 = {
			isa = PBXGroup;
			children = (
				52491BB01F34513800AFB724 /* hamrahkishTest */,
				52491BAF1F34513800AFB724 /* Products */,
			);
			sourceTree = "<group>";
		};
		52491BAF1F34513800AFB724 /* Products */ = {
			isa = PBXGroup;
			children = (
				52491BAE1F34513800AFB724 /* hamrahkishTest.app */,
			);
			name = Products;
			sourceTree = "<group>";
		};
		52491BB01F34513800AFB724 /* hamrahkishTest */ = {
			isa = PBXGroup;
			children = (
				52491BB11F34513800AFB724 /* AppDelegate.swift */,
				52491BB31F34513800AFB724 /* ViewController.swift */,
				52491BB51F34513800AFB724 /* Main.storyboard */,
				52491BBB1F34513800AFB724 /* Assets.xcassets */,
				52491BBD1F34513800AFB724 /* LaunchScreen.storyboard */,
				52491BC01F34513800AFB724 /* Info.plist */,
				52491BB81F34513800AFB724 /* hamrahkishTest.xcdatamodeld */,
			);
			path = hamrahkishTest;
			sourceTree = "<group>";
		};
/* End PBXGroup section */

/* Begin PBXNativeTarget section */
		52491BAD1F34513800AFB724 /* hamrahkishTest */ = {
			isa = PBXNativeTarget;
			buildConfigurationList = 52491BC31F34513800AFB724 /* Build configuration list for PBXNativeTarget "hamrahkishTest" */;
			buildPhases = (
				52491BAA1F34513800AFB724 /* Sources */,
				52491BAB1F34513800AFB724 /* Frameworks */,
				52491BAC1F34513800AFB724 /* Resources */,
			);
			buildRules = (
			);
			dependencies = (
			);
			name = hamrahkishTest;
			productName = hamrahkishTest;
			productReference = 52491BAE1F34513800AFB724 /* hamrahkishTest.app */;
			productType = "com.apple.product-type.application";
		};
/* End PBXNativeTarget section */

/* Begin PBXProject section */
		52491BA61F34513800AFB724 /* Project object */ = {
			isa = PBXProject;
			attributes = {
				LastSwiftUpdateCheck = 0830;
				LastUpgradeCheck = 0830;
				ORGANIZATIONNAME = mohammad;
				TargetAttributes = {
					52491BAD1F34513800AFB724 = {
						CreatedOnToolsVersion = 8.3.2;
						DevelopmentTeam = EN8UYVEADN;
						ProvisioningStyle = Automatic;
					};
				};
			};
			buildConfigurationList = 52491BA91F34513800AFB724 /* Build configuration list for PBXProject "hamrahkishTest" */;
			compatibilityVersion = "Xcode 3.2";
			developmentRegion = English;
			hasScannedForEncodings = 0;
			knownRegions = (
				en,
				Base,
			);
			mainGroup = 52491BA51F34513800AFB724;
			productRefGroup = 52491BAF1F34513800AFB724 /* Products */;
			projectDirPath = "";
			projectRoot = "";
			targets = (
				52491BAD1F34513800AFB724 /* hamrahkishTest */,
			);
		};
/* End PBXProject section */

/* Begin PBXResourcesBuildPhase section */
		52491BAC1F34513800AFB724 /* Resources */ = {
			isa = PBXResourcesBuildPhase;
			buildActionMask = 2147483647;
			files = (
				52491BBF1F34513800AFB724 /* LaunchScreen.storyboard in Resources */,
				52491BBC1F34513800AFB724 /* Assets.xcassets in Resources */,
				52491BB71F34513800AFB724 /* Main.storyboard in Resources */,
			);
			runOnlyForDeploymentPostprocessing = 0;
		};
/* End PBXResourcesBuildPhase section */

/* Begin PBXSourcesBuildPhase section */
		52491BAA1F34513800AFB724 /* Sources */ = {
			isa = PBXSourcesBuildPhase;
			buildActionMask = 2147483647;
			files = (
				52491BB41F34513800AFB724 /* ViewController.swift in Sources */,
				52491BB21F34513800AFB724 /* AppDelegate.swift in Sources */,
				52491BBA1F34513800AFB724 /* hamrahkishTest.xcdatamodeld in Sources */,
			);
			runOnlyForDeploymentPostprocessing = 0;
		};
/* End PBXSourcesBuildPhase section */

/* Begin PBXVariantGroup section */
		52491BB51F34513800AFB724 /* Main.storyboard */ = {
			isa = PBXVariantGroup;
			children = (
				52491BB61F34513800AFB724 /* Base */,
			);
			name = Main.storyboard;
			sourceTree = "<group>";
		};
		52491BBD1F34513800AFB724 /* LaunchScreen.storyboard */ = {
			isa = PBXVariantGroup;
			children = (
				52491BBE1F34513800AFB724 /* Base */,
			);
			name = LaunchScreen.storyboard;
			sourceTree = "<group>";
		};
/* End PBXVariantGroup section */

/* Begin XCBuildConfiguration section */
		52491BC11F34513800AFB724 /* Debug */ = {
			isa = XCBuildConfiguration;
			buildSettings = {
				ALWAYS_SEARCH_USER_PATHS = NO;
				CLANG_ANALYZER_NONNULL = YES;
				CLANG_ANALYZER_NUMBER_OBJECT_CONVERSION = YES_AGGRESSIVE;
				CLANG_CXX_LANGUAGE_STANDARD = "gnu++0x";
				CLANG_CXX_LIBRARY = "libc++";
				CLANG_ENABLE_MODULES = YES;
				CLANG_ENABLE_OBJC_ARC = YES;
				CLANG_WARN_BOOL_CONVERSION = YES;
				CLANG_WARN_CONSTANT_CONVERSION = YES;
				CLANG_WARN_DIRECT_OBJC_ISA_USAGE = YES_ERROR;
				CLANG_WARN_DOCUMENTATION_COMMENTS = YES;
				CLANG_WARN_EMPTY_BODY = YES;
				CLANG_WARN_ENUM_CONVERSION = YES;
				CLANG_WARN_INFINITE_RECURSION = YES;
				CLANG_WARN_INT_CONVERSION = YES;
				CLANG_WARN_OBJC_ROOT_CLASS = YES_ERROR;
				CLANG_WARN_SUSPICIOUS_MOVE = YES;
				CLANG_WARN_UNREACHABLE_CODE = YES;
				CLANG_WARN__DUPLICATE_METHOD_MATCH = YES;
				"CODE_SIGN_IDENTITY[sdk=iphoneos*]" = "iPhone Developer";
				COPY_PHASE_STRIP = NO;
				DEBUG_INFORMATION_FORMAT = dwarf;
				ENABLE_STRICT_OBJC_MSGSEND = YES;
				ENABLE_TESTABILITY = YES;
				GCC_C_LANGUAGE_STANDARD = gnu99;
				GCC_DYNAMIC_NO_PIC = NO;
				GCC_NO_COMMON_BLOCKS = YES;
				GCC_OPTIMIZATION_LEVEL = 0;
				GCC_PREPROCESSOR_DEFINITIONS = (
					"DEBUG=1",
					"$(inherited)",
				);
				GCC_WARN_64_TO_32_BIT_CONVERSION = YES;
				GCC_WARN_ABOUT_RETURN_TYPE = YES_ERROR;
				GCC_WARN_UNDECLARED_SELECTOR = YES;
				GCC_WARN_UNINITIALIZED_AUTOS = YES_AGGRESSIVE;
				GCC_WARN_UNUSED_FUNCTION = YES;
				GCC_WARN_UNUSED_VARIABLE = YES;
				IPHONEOS_DEPLOYMENT_TARGET = 10.3;
				MTL_ENABLE_DEBUG_INFO = YES;
				ONLY_ACTIVE_ARCH = YES;
				SDKROOT = iphoneos;
				SWIFT_ACTIVE_COMPILATION_CONDITIONS = DEBUG;
				SWIFT_OPTIMIZATION_LEVEL = "-Onone";
				TARGETED_DEVICE_FAMILY = "1,2";
			};
			name = Debug;
		};
		52491BC21F34513800AFB724 /* Release */ = {
			isa = XCBuildConfiguration;
			buildSettings = {
				ALWAYS_SEARCH_USER_PATHS = NO;
				CLANG_ANALYZER_NONNULL = YES;
				CLANG_ANALYZER_NUMBER_OBJECT_CONVERSION = YES_AGGRESSIVE;
				CLANG_CXX_LANGUAGE_STANDARD = "gnu++0x";
				CLANG_CXX_LIBRARY = "libc++";
				CLANG_ENABLE_MODULES = YES;
				CLANG_ENABLE_OBJC_ARC = YES;
				CLANG_WARN_BOOL_CONVERSION = YES;
				CLANG_WARN_CONSTANT_CONVERSION = YES;
				CLANG_WARN_DIRECT_OBJC_ISA_USAGE = YES_ERROR;
				CLANG_WARN_DOCUMENTATION_COMMENTS = YES;
				CLANG_WARN_EMPTY_BODY = YES;
				CLANG_WARN_ENUM_CONVERSION = YES;
				CLANG_WARN_INFINITE_RECURSION = YES;
				CLANG_WARN_INT_CONVERSION = YES;
				CLANG_WARN_OBJC_ROOT_CLASS = YES_ERROR;
				CLANG_WARN_SUSPICIOUS_MOVE = YES;
				CLANG_WARN_UNREACHABLE_CODE = YES;
				CLANG_WARN__DUPLICATE_METHOD_MATCH = YES;
				"CODE_SIGN_IDENTITY[sdk=iphoneos*]" = "iPhone Developer";
				COPY_PHASE_STRIP = NO;
				DEBUG_INFORMATION_FORMAT = "dwarf-with-dsym";
				ENABLE_NS_ASSERTIONS = NO;
				ENABLE_STRICT_OBJC_MSGSEND = YES;
				GCC_C_LANGUAGE_STANDARD = gnu99;
				GCC_NO_COMMON_BLOCKS = YES;
				GCC_WARN_64_TO_32_BIT_CONVERSION = YES;
				GCC_WARN_ABOUT_RETURN_TYPE = YES_ERROR;
				GCC_WARN_UNDECLARED_SELECTOR = YES;
				GCC_WARN_UNINITIALIZED_AUTOS = YES_AGGRESSIVE;
				GCC_WARN_UNUSED_FUNCTION = YES;
				GCC_WARN_UNUSED_VARIABLE = YES;
				IPHONEOS_DEPLOYMENT_TARGET = 10.3;
				MTL_ENABLE_DEBUG_INFO = NO;
				SDKROOT = iphoneos;
				SWIFT_OPTIMIZATION_LEVEL = "-Owholemodule";
				TARGETED_DEVICE_FAMILY = "1,2";
				VALIDATE_PRODUCT = YES;
			};
			name = Release;
		};
		52491BC41F34513800AFB724 /* Debug */ = {
			isa = XCBuildConfiguration;
			buildSettings = {
				ASSETCATALOG_COMPILER_APPICON_NAME = AppIcon;
				DEVELOPMENT_TEAM = EN8UYVEADN;
				INFOPLIST_FILE = hamrahkishTest/Info.plist;
				LD_RUNPATH_SEARCH_PATHS = "$(inherited) @executable_path/Frameworks";
				PRODUCT_BUNDLE_IDENTIFIER = com.mohammad.hamrahkishTest;
				PRODUCT_NAME = "$(TARGET_NAME)";
				SWIFT_VERSION = 3.0;
			};
			name = Debug;
		};
		52491BC51F34513800AFB724 /* Release */ = {
			isa = XCBuildConfiguration;
			buildSettings = {
				ASSETCATALOG_COMPILER_APPICON_NAME = AppIcon;
				DEVELOPMENT_TEAM = EN8UYVEADN;
				INFOPLIST_FILE = hamrahkishTest/Info.plist;
				LD_RUNPATH_SEARCH_PATHS = "$(inherited) @executable_path/Frameworks";
				PRODUCT_BUNDLE_IDENTIFIER = com.mohammad.hamrahkishTest;
				PRODUCT_NAME = "$(TARGET_NAME)";
				SWIFT_VERSION = 3.0;
			};
			name = Release;
		};
/* End XCBuildConfiguration section */

/* Begin XCConfigurationList section */
		52491BA91F34513800AFB724 /* Build configuration list for PBXProject "hamrahkishTest" */ = {
			isa = XCConfigurationList;
			buildConfigurations = (
				52491BC11F34513800AFB724 /* Debug */,
				52491BC21F34513800AFB724 /* Release */,
			);
			defaultConfigurationIsVisible = 0;
			defaultConfigurationName = Release;
		};
		52491BC31F34513800AFB724 /* Build configuration list for PBXNativeTarget "hamrahkishTest" */ = {
			isa = XCConfigurationList;
			buildConfigurations = (
				52491BC41F34513800AFB724 /* Debug */,
				52491BC51F34513800AFB724 /* Release */,
			);
			defaultConfigurationIsVisible = 0;
		};
/* End XCConfigurationList section */

/* Begin XCVersionGroup section */
		52491BB81F34513800AFB724 /* hamrahkishTest.xcdatamodeld */ = {
			isa = XCVersionGroup;
			children = (
				52491BB91F34513800AFB724 /* hamrahkishTest.xcdatamodel */,
			);
			currentVersion = 52491BB91F34513800AFB724 /* hamrahkishTest.xcdatamodel */;
			path = hamrahkishTest.xcdatamodeld;
			sourceTree = "<group>";
			versionGroupType = wrapper.xcdatamodel;
		};
/* End XCVersionGroup section */
	};
	rootObject = 52491BA61F34513800AFB724 /* Project object */;
}
